
Microsoft Visual Studio Solution File, Format Version 12.00
# Visual Studio 2013
VisualStudioVersion = 12.0.21005.1
MinimumVisualStudioVersion = 10.0.40219.1
Project("{FAE04EC0-301F-11D3-BF4B-00C04F79EFBC}") = "MusicCollection", "MusicCollection\MusicCollection.csproj", "{B1169C46-8DDD-4D3C-96FE-8A0279140A43}"
EndProject
Project("{FAE04EC0-301F-11D3-BF4B-00C04F79EFBC}") = "Utils.Extensions.v2", "..\Utils.Extensions.v2\Utils.Extensions.v2.csproj", "{4DEA4B35-D9D4-4BC5-8020-5405F162E9B7}"
EndProject
Global
	GlobalSection(SolutionConfigurationPlatforms) = preSolution
		Debug|Any CPU = Debug|Any CPU
		Release|Any CPU = Release|Any CPU
	EndGlobalSection
	GlobalSection(ProjectConfigurationPlatforms) = postSolution
		{B1169C46-8DDD-4D3C-96FE-8A0279140A43}.Debug|Any CPU.ActiveCfg = Debug|Any CPU
		{B1169C46-8DDD-4D3C-96FE-8A0279140A43}.Debug|Any CPU.Build.0 = Debug|Any CPU
		{B1169C46-8DDD-4D3C-96FE-8A0279140A43}.Release|Any CPU.ActiveCfg = Release|Any CPU
		{B1169C46-8DDD-4D3C-96FE-8A0279140A43}.Release|Any CPU.Build.0 = Release|Any CPU
		{4DEA4B35-D9D4-4BC5-8020-5405F162E9B7}.Debug|Any CPU.ActiveCfg = Debug|Any CPU
		{4DEA4B35-D9D4-4BC5-8020-5405F162E9B7}.Debug|Any CPU.Build.0 = Debug|Any CPU
		{4DEA4B35-D9D4-4BC5-8020-5405F162E9B7}.Release|Any CPU.ActiveCfg = Release|Any CPU
		{4DEA4B35-D9D4-4BC5-8020-5405F162E9B7}.Release|Any CPU.Build.0 = Release|Any CPU
	EndGlobalSection
	GlobalSection(SolutionProperties) = preSolution
		HideSolutionNode = FALSE
	EndGlobalSection
EndGlobal
